
Microsoft Visual Studio Solution File, Format Version 12.00
# Visual Studio Version 17
VisualStudioVersion = 17.10.35027.167
MinimumVisualStudioVersion = 10.0.40219.1
Project("{2150E333-8FDC-42A3-9474-1A3956D46DE8}") = "Application", "Application", "{1C5B06F4-1E77-40CA-905E-F3E44CC79F6A}"
EndProject
Project("{2150E333-8FDC-42A3-9474-1A3956D46DE8}") = "Domain", "Domain", "{4CE9D1BF-278C-4DFD-A2E2-61DDF23CD925}"
EndProject
Project("{2150E333-8FDC-42A3-9474-1A3956D46DE8}") = "Infra", "Infra", "{477B9EEF-30E0-4E11-8CAF-518E71B79597}"
EndProject
Project("{2150E333-8FDC-42A3-9474-1A3956D46DE8}") = "Service", "Service", "{B9C76E4E-3214-481C-9A44-9BBEBE02E64E}"
EndProject
Project("{FAE04EC0-301F-11D3-BF4B-00C04F79EFBC}") = "WillMax.Domain", "WillMax.Domain\WillMax.Domain.csproj", "{B8AF1F00-97F0-4B2D-9F54-2DEA0F58BB69}"
EndProject
Project("{FAE04EC0-301F-11D3-BF4B-00C04F79EFBC}") = "WillMax.Infra.Dta", "WillMax.Infra.Dta\WillMax.Infra.Dta.csproj", "{9C1F7254-04AE-47A2-8C79-9C88BA7E5A8A}"
	ProjectSection(ProjectDependencies) = postProject
		{203E07CE-DA9D-4BE3-B53D-AD7FD0785684} = {203E07CE-DA9D-4BE3-B53D-AD7FD0785684}
	EndProjectSection
EndProject
Project("{FAE04EC0-301F-11D3-BF4B-00C04F79EFBC}") = "WillMax.Applicatio.Service", "WillMax.Applicatio.Service\WillMax.Applicatio.Service.csproj", "{203E07CE-DA9D-4BE3-B53D-AD7FD0785684}"
	ProjectSection(ProjectDependencies) = postProject
		{B8AF1F00-97F0-4B2D-9F54-2DEA0F58BB69} = {B8AF1F00-97F0-4B2D-9F54-2DEA0F58BB69}
	EndProjectSection
EndProject
Global
	GlobalSection(SolutionConfigurationPlatforms) = preSolution
		Debug|Any CPU = Debug|Any CPU
		Release|Any CPU = Release|Any CPU
	EndGlobalSection
	GlobalSection(ProjectConfigurationPlatforms) = postSolution
		{B8AF1F00-97F0-4B2D-9F54-2DEA0F58BB69}.Debug|Any CPU.ActiveCfg = Debug|Any CPU
		{B8AF1F00-97F0-4B2D-9F54-2DEA0F58BB69}.Debug|Any CPU.Build.0 = Debug|Any CPU
		{B8AF1F00-97F0-4B2D-9F54-2DEA0F58BB69}.Release|Any CPU.ActiveCfg = Release|Any CPU
		{B8AF1F00-97F0-4B2D-9F54-2DEA0F58BB69}.Release|Any CPU.Build.0 = Release|Any CPU
		{9C1F7254-04AE-47A2-8C79-9C88BA7E5A8A}.Debug|Any CPU.ActiveCfg = Debug|Any CPU
		{9C1F7254-04AE-47A2-8C79-9C88BA7E5A8A}.Debug|Any CPU.Build.0 = Debug|Any CPU
		{9C1F7254-04AE-47A2-8C79-9C88BA7E5A8A}.Release|Any CPU.ActiveCfg = Release|Any CPU
		{9C1F7254-04AE-47A2-8C79-9C88BA7E5A8A}.Release|Any CPU.Build.0 = Release|Any CPU
		{203E07CE-DA9D-4BE3-B53D-AD7FD0785684}.Debug|Any CPU.ActiveCfg = Debug|Any CPU
		{203E07CE-DA9D-4BE3-B53D-AD7FD0785684}.Debug|Any CPU.Build.0 = Debug|Any CPU
		{203E07CE-DA9D-4BE3-B53D-AD7FD0785684}.Release|Any CPU.ActiveCfg = Release|Any CPU
		{203E07CE-DA9D-4BE3-B53D-AD7FD0785684}.Release|Any CPU.Build.0 = Release|Any CPU
	EndGlobalSection
	GlobalSection(SolutionProperties) = preSolution
		HideSolutionNode = FALSE
	EndGlobalSection
	GlobalSection(NestedProjects) = preSolution
		{B8AF1F00-97F0-4B2D-9F54-2DEA0F58BB69} = {4CE9D1BF-278C-4DFD-A2E2-61DDF23CD925}
		{9C1F7254-04AE-47A2-8C79-9C88BA7E5A8A} = {477B9EEF-30E0-4E11-8CAF-518E71B79597}
		{203E07CE-DA9D-4BE3-B53D-AD7FD0785684} = {1C5B06F4-1E77-40CA-905E-F3E44CC79F6A}
	EndGlobalSection
	GlobalSection(ExtensibilityGlobals) = postSolution
		SolutionGuid = {B6671DAB-07C8-4886-86E4-E76A3884B86E}
	EndGlobalSection
EndGlobal
